
Microsoft Visual Studio Solution File, Format Version 12.00
# Visual Studio Version 17
VisualStudioVersion = 17.0.31903.59
MinimumVisualStudioVersion = 10.0.40219.1
Project("{2150E333-8FDC-42A3-9474-1A3956D46DE8}") = "src", "src", "{827E0CD3-B72D-47B6-A68D-7590B98EB39B}"
EndProject
Project("{FAE04EC0-301F-11D3-BF4B-00C04F79EFBC}") = "Tamga.Sdk", "src\Tamga.Sdk\Tamga.Sdk.csproj", "{23448A07-31B9-4D57-8104-8B827B329547}"
EndProject
Project("{2150E333-8FDC-42A3-9474-1A3956D46DE8}") = "tests", "tests", "{0AB3BF05-4346-4AA6-1389-037BE0695223}"
EndProject
Project("{FAE04EC0-301F-11D3-BF4B-00C04F79EFBC}") = "Tamga.Sdk.Tests", "tests\Tamga.Sdk.Tests\Tamga.Sdk.Tests.csproj", "{0936B299-89C1-499D-8C0F-80F292F0E736}"
EndProject
Project("{2150E333-8FDC-42A3-9474-1A3956D46DE8}") = "samples", "samples", "{5D20AA90-6969-D8BD-9DCD-8634F4692FDA}"
EndProject
Project("{FAE04EC0-301F-11D3-BF4B-00C04F79EFBC}") = "QuickStart", "samples\QuickStart\QuickStart.csproj", "{194C63B7-8D0B-4A00-9EC9-48A3F10B80E5}"
EndProject
Project("{FAE04EC0-301F-11D3-BF4B-00C04F79EFBC}") = "OfflineLicense", "samples\OfflineLicense\OfflineLicense.csproj", "{6B380E50-8AD6-4BA6-92B1-60B9D7D70E0F}"
EndProject
Project("{FAE04EC0-301F-11D3-BF4B-00C04F79EFBC}") = "MachineActivation", "samples\MachineActivation\MachineActivation.csproj", "{8D0576FE-5458-405A-8104-3759B32D1F34}"
EndProject
Project("{FAE04EC0-301F-11D3-BF4B-00C04F79EFBC}") = "OfflineProof", "samples\OfflineProof\OfflineProof.csproj", "{D11AFEBB-52A9-4966-AA37-C2243FF8D73B}"
EndProject
Project("{FAE04EC0-301F-11D3-BF4B-00C04F79EFBC}") = "Entitlements", "samples\Entitlements\Entitlements.csproj", "{8A668CFD-5CD9-4D24-8A02-521EDFBDFE13}"
EndProject
Global
	GlobalSection(SolutionConfigurationPlatforms) = preSolution
		Debug|Any CPU = Debug|Any CPU
		Debug|x64 = Debug|x64
		Debug|x86 = Debug|x86
		Release|Any CPU = Release|Any CPU
		Release|x64 = Release|x64
		Release|x86 = Release|x86
	EndGlobalSection
	GlobalSection(ProjectConfigurationPlatforms) = postSolution
		{23448A07-31B9-4D57-8104-8B827B329547}.Debug|Any CPU.ActiveCfg = Debug|Any CPU
		{23448A07-31B9-4D57-8104-8B827B329547}.Debug|Any CPU.Build.0 = Debug|Any CPU
		{23448A07-31B9-4D57-8104-8B827B329547}.Debug|x64.ActiveCfg = Debug|Any CPU
		{23448A07-31B9-4D57-8104-8B827B329547}.Debug|x64.Build.0 = Debug|Any CPU
		{23448A07-31B9-4D57-8104-8B827B329547}.Debug|x86.ActiveCfg = Debug|Any CPU
		{23448A07-31B9-4D57-8104-8B827B329547}.Debug|x86.Build.0 = Debug|Any CPU
		{23448A07-31B9-4D57-8104-8B827B329547}.Release|Any CPU.ActiveCfg = Release|Any CPU
		{23448A07-31B9-4D57-8104-8B827B329547}.Release|Any CPU.Build.0 = Release|Any CPU
		{23448A07-31B9-4D57-8104-8B827B329547}.Release|x64.ActiveCfg = Release|Any CPU
		{23448A07-31B9-4D57-8104-8B827B329547}.Release|x64.Build.0 = Release|Any CPU
		{23448A07-31B9-4D57-8104-8B827B329547}.Release|x86.ActiveCfg = Release|Any CPU
		{23448A07-31B9-4D57-8104-8B827B329547}.Release|x86.Build.0 = Release|Any CPU
		{0936B299-89C1-499D-8C0F-80F292F0E736}.Debug|Any CPU.ActiveCfg = Debug|Any CPU
		{0936B299-89C1-499D-8C0F-80F292F0E736}.Debug|Any CPU.Build.0 = Debug|Any CPU
		{0936B299-89C1-499D-8C0F-80F292F0E736}.Debug|x64.ActiveCfg = Debug|Any CPU
		{0936B299-89C1-499D-8C0F-80F292F0E736}.Debug|x64.Build.0 = Debug|Any CPU
		{0936B299-89C1-499D-8C0F-80F292F0E736}.Debug|x86.ActiveCfg = Debug|Any CPU
		{0936B299-89C1-499D-8C0F-80F292F0E736}.Debug|x86.Build.0 = Debug|Any CPU
		{0936B299-89C1-499D-8C0F-80F292F0E736}.Release|Any CPU.ActiveCfg = Release|Any CPU
		{0936B299-89C1-499D-8C0F-80F292F0E736}.Release|Any CPU.Build.0 = Release|Any CPU
		{0936B299-89C1-499D-8C0F-80F292F0E736}.Release|x64.ActiveCfg = Release|Any CPU
		{0936B299-89C1-499D-8C0F-80F292F0E736}.Release|x64.Build.0 = Release|Any CPU
		{0936B299-89C1-499D-8C0F-80F292F0E736}.Release|x86.ActiveCfg = Release|Any CPU
		{0936B299-89C1-499D-8C0F-80F292F0E736}.Release|x86.Build.0 = Release|Any CPU
		{194C63B7-8D0B-4A00-9EC9-48A3F10B80E5}.Debug|Any CPU.ActiveCfg = Debug|Any CPU
		{194C63B7-8D0B-4A00-9EC9-48A3F10B80E5}.Debug|Any CPU.Build.0 = Debug|Any CPU
		{194C63B7-8D0B-4A00-9EC9-48A3F10B80E5}.Debug|x64.ActiveCfg = Debug|Any CPU
		{194C63B7-8D0B-4A00-9EC9-48A3F10B80E5}.Debug|x64.Build.0 = Debug|Any CPU
		{194C63B7-8D0B-4A00-9EC9-48A3F10B80E5}.Debug|x86.ActiveCfg = Debug|Any CPU
		{194C63B7-8D0B-4A00-9EC9-48A3F10B80E5}.Debug|x86.Build.0 = Debug|Any CPU
		{194C63B7-8D0B-4A00-9EC9-48A3F10B80E5}.Release|Any CPU.ActiveCfg = Release|Any CPU
		{194C63B7-8D0B-4A00-9EC9-48A3F10B80E5}.Release|Any CPU.Build.0 = Release|Any CPU
		{194C63B7-8D0B-4A00-9EC9-48A3F10B80E5}.Release|x64.ActiveCfg = Release|Any CPU
		{194C63B7-8D0B-4A00-9EC9-48A3F10B80E5}.Release|x64.Build.0 = Release|Any CPU
		{194C63B7-8D0B-4A00-9EC9-48A3F10B80E5}.Release|x86.ActiveCfg = Release|Any CPU
		{194C63B7-8D0B-4A00-9EC9-48A3F10B80E5}.Release|x86.Build.0 = Release|Any CPU
		{6B380E50-8AD6-4BA6-92B1-60B9D7D70E0F}.Debug|Any CPU.ActiveCfg = Debug|Any CPU
		{6B380E50-8AD6-4BA6-92B1-60B9D7D70E0F}.Debug|Any CPU.Build.0 = Debug|Any CPU
		{6B380E50-8AD6-4BA6-92B1-60B9D7D70E0F}.Debug|x64.ActiveCfg = Debug|Any CPU
		{6B380E50-8AD6-4BA6-92B1-60B9D7D70E0F}.Debug|x64.Build.0 = Debug|Any CPU
		{6B380E50-8AD6-4BA6-92B1-60B9D7D70E0F}.Debug|x86.ActiveCfg = Debug|Any CPU
		{6B380E50-8AD6-4BA6-92B1-60B9D7D70E0F}.Debug|x86.Build.0 = Debug|Any CPU
		{6B380E50-8AD6-4BA6-92B1-60B9D7D70E0F}.Release|Any CPU.ActiveCfg = Release|Any CPU
		{6B380E50-8AD6-4BA6-92B1-60B9D7D70E0F}.Release|Any CPU.Build.0 = Release|Any CPU
		{6B380E50-8AD6-4BA6-92B1-60B9D7D70E0F}.Release|x64.ActiveCfg = Release|Any CPU
		{6B380E50-8AD6-4BA6-92B1-60B9D7D70E0F}.Release|x64.Build.0 = Release|Any CPU
		{6B380E50-8AD6-4BA6-92B1-60B9D7D70E0F}.Release|x86.ActiveCfg = Release|Any CPU
		{6B380E50-8AD6-4BA6-92B1-60B9D7D70E0F}.Release|x86.Build.0 = Release|Any CPU
		{8D0576FE-5458-405A-8104-3759B32D1F34}.Debug|Any CPU.ActiveCfg = Debug|Any CPU
		{8D0576FE-5458-405A-8104-3759B32D1F34}.Debug|Any CPU.Build.0 = Debug|Any CPU
		{8D0576FE-5458-405A-8104-3759B32D1F34}.Debug|x64.ActiveCfg = Debug|Any CPU
		{8D0576FE-5458-405A-8104-3759B32D1F34}.Debug|x64.Build.0 = Debug|Any CPU
		{8D0576FE-5458-405A-8104-3759B32D1F34}.Debug|x86.ActiveCfg = Debug|Any CPU
		{8D0576FE-5458-405A-8104-3759B32D1F34}.Debug|x86.Build.0 = Debug|Any CPU
		{8D0576FE-5458-405A-8104-3759B32D1F34}.Release|Any CPU.ActiveCfg = Release|Any CPU
		{8D0576FE-5458-405A-8104-3759B32D1F34}.Release|Any CPU.Build.0 = Release|Any CPU
		{8D0576FE-5458-405A-8104-3759B32D1F34}.Release|x64.ActiveCfg = Release|Any CPU
		{8D0576FE-5458-405A-8104-3759B32D1F34}.Release|x64.Build.0 = Release|Any CPU
		{8D0576FE-5458-405A-8104-3759B32D1F34}.Release|x86.ActiveCfg = Release|Any CPU
		{8D0576FE-5458-405A-8104-3759B32D1F34}.Release|x86.Build.0 = Release|Any CPU
		{D11AFEBB-52A9-4966-AA37-C2243FF8D73B}.Debug|Any CPU.ActiveCfg = Debug|Any CPU
		{D11AFEBB-52A9-4966-AA37-C2243FF8D73B}.Debug|Any CPU.Build.0 = Debug|Any CPU
		{D11AFEBB-52A9-4966-AA37-C2243FF8D73B}.Debug|x64.ActiveCfg = Debug|Any CPU
		{D11AFEBB-52A9-4966-AA37-C2243FF8D73B}.Debug|x64.Build.0 = Debug|Any CPU
		{D11AFEBB-52A9-4966-AA37-C2243FF8D73B}.Debug|x86.ActiveCfg = Debug|Any CPU
		{D11AFEBB-52A9-4966-AA37-C2243FF8D73B}.Debug|x86.Build.0 = Debug|Any CPU
		{D11AFEBB-52A9-4966-AA37-C2243FF8D73B}.Release|Any CPU.ActiveCfg = Release|Any CPU
		{D11AFEBB-52A9-4966-AA37-C2243FF8D73B}.Release|Any CPU.Build.0 = Release|Any CPU
		{D11AFEBB-52A9-4966-AA37-C2243FF8D73B}.Release|x64.ActiveCfg = Release|Any CPU
		{D11AFEBB-52A9-4966-AA37-C2243FF8D73B}.Release|x64.Build.0 = Release|Any CPU
		{D11AFEBB-52A9-4966-AA37-C2243FF8D73B}.Release|x86.ActiveCfg = Release|Any CPU
		{D11AFEBB-52A9-4966-AA37-C2243FF8D73B}.Release|x86.Build.0 = Release|Any CPU
		{8A668CFD-5CD9-4D24-8A02-521EDFBDFE13}.Debug|Any CPU.ActiveCfg = Debug|Any CPU
		{8A668CFD-5CD9-4D24-8A02-521EDFBDFE13}.Debug|Any CPU.Build.0 = Debug|Any CPU
		{8A668CFD-5CD9-4D24-8A02-521EDFBDFE13}.Debug|x64.ActiveCfg = Debug|Any CPU
		{8A668CFD-5CD9-4D24-8A02-521EDFBDFE13}.Debug|x64.Build.0 = Debug|Any CPU
		{8A668CFD-5CD9-4D24-8A02-521EDFBDFE13}.Debug|x86.ActiveCfg = Debug|Any CPU
		{8A668CFD-5CD9-4D24-8A02-521EDFBDFE13}.Debug|x86.Build.0 = Debug|Any CPU
		{8A668CFD-5CD9-4D24-8A02-521EDFBDFE13}.Release|Any CPU.ActiveCfg = Release|Any CPU
		{8A668CFD-5CD9-4D24-8A02-521EDFBDFE13}.Release|Any CPU.Build.0 = Release|Any CPU
		{8A668CFD-5CD9-4D24-8A02-521EDFBDFE13}.Release|x64.ActiveCfg = Release|Any CPU
		{8A668CFD-5CD9-4D24-8A02-521EDFBDFE13}.Release|x64.Build.0 = Release|Any CPU
		{8A668CFD-5CD9-4D24-8A02-521EDFBDFE13}.Release|x86.ActiveCfg = Release|Any CPU
		{8A668CFD-5CD9-4D24-8A02-521EDFBDFE13}.Release|x86.Build.0 = Release|Any CPU
	EndGlobalSection
	GlobalSection(SolutionProperties) = preSolution
		HideSolutionNode = FALSE
	EndGlobalSection
	GlobalSection(NestedProjects) = preSolution
		{23448A07-31B9-4D57-8104-8B827B329547} = {827E0CD3-B72D-47B6-A68D-7590B98EB39B}
		{0936B299-89C1-499D-8C0F-80F292F0E736} = {0AB3BF05-4346-4AA6-1389-037BE0695223}
		{194C63B7-8D0B-4A00-9EC9-48A3F10B80E5} = {5D20AA90-6969-D8BD-9DCD-8634F4692FDA}
		{6B380E50-8AD6-4BA6-92B1-60B9D7D70E0F} = {5D20AA90-6969-D8BD-9DCD-8634F4692FDA}
		{8D0576FE-5458-405A-8104-3759B32D1F34} = {5D20AA90-6969-D8BD-9DCD-8634F4692FDA}
		{D11AFEBB-52A9-4966-AA37-C2243FF8D73B} = {5D20AA90-6969-D8BD-9DCD-8634F4692FDA}
		{8A668CFD-5CD9-4D24-8A02-521EDFBDFE13} = {5D20AA90-6969-D8BD-9DCD-8634F4692FDA}
	EndGlobalSection
EndGlobal
